
Microsoft Visual Studio Solution File, Format Version 12.00
# Visual Studio Version 17
VisualStudioVersion = 17.8.34330.188
MinimumVisualStudioVersion = 10.0.40219.1
Project("{FAE04EC0-301F-11D3-BF4B-00C04F79EFBC}") = "WindowsFormsApp3", "WindowsFormsApp3\WindowsFormsApp3.csproj", "{EE5460FA-8FE9-4275-A9FF-8AC1C1B6DE8C}"
EndProject
Global
	GlobalSection(SolutionConfigurationPlatforms) = preSolution
		Debug|Any CPU = Debug|Any CPU
		Release|Any CPU = Release|Any CPU
	EndGlobalSection
	GlobalSection(ProjectConfigurationPlatforms) = postSolution
		{EE5460FA-8FE9-4275-A9FF-8AC1C1B6DE8C}.Debug|Any CPU.ActiveCfg = Debug|Any CPU
		{EE5460FA-8FE9-4275-A9FF-8AC1C1B6DE8C}.Debug|Any CPU.Build.0 = Debug|Any CPU
		{EE5460FA-8FE9-4275-A9FF-8AC1C1B6DE8C}.Release|Any CPU.ActiveCfg = Release|Any CPU
		{EE5460FA-8FE9-4275-A9FF-8AC1C1B6DE8C}.Release|Any CPU.Build.0 = Release|Any CPU
	EndGlobalSection
	GlobalSection(SolutionProperties) = preSolution
		HideSolutionNode = FALSE
	EndGlobalSection
	GlobalSection(ExtensibilityGlobals) = postSolution
		SolutionGuid = {5B94D20F-9026-4BEB-9DAD-F4D2E87A55F7}
	EndGlobalSection
EndGlobal
